
Microsoft Visual Studio Solution File, Format Version 12.00
# Visual Studio Version 17
VisualStudioVersion = 17.0.31912.275
MinimumVisualStudioVersion = 10.0.40219.1
Project("{FAE04EC0-301F-11D3-BF4B-00C04F79EFBC}") = "Microboinc GUI", "Microboinc GUI.csproj", "{BD9FCE89-A772-4791-9EF6-80D6F220F632}"
EndProject
Global
	GlobalSection(SolutionConfigurationPlatforms) = preSolution
		Debug|Any CPU = Debug|Any CPU
		Release|Any CPU = Release|Any CPU
	EndGlobalSection
	GlobalSection(ProjectConfigurationPlatforms) = postSolution
		{BD9FCE89-A772-4791-9EF6-80D6F220F632}.Debug|Any CPU.ActiveCfg = Debug|Any CPU
		{BD9FCE89-A772-4791-9EF6-80D6F220F632}.Debug|Any CPU.Build.0 = Debug|Any CPU
		{BD9FCE89-A772-4791-9EF6-80D6F220F632}.Release|Any CPU.ActiveCfg = Release|Any CPU
		{BD9FCE89-A772-4791-9EF6-80D6F220F632}.Release|Any CPU.Build.0 = Release|Any CPU
	EndGlobalSection
	GlobalSection(SolutionProperties) = preSolution
		HideSolutionNode = FALSE
	EndGlobalSection
	GlobalSection(ExtensibilityGlobals) = postSolution
		SolutionGuid = {3B340BDD-1C28-4810-8EB6-94A10BFCA5C2}
	EndGlobalSection
EndGlobal
